// !$*UTF8*$!
{
	archiveVersion = 1;
	classes = {
	};
	objectVersion = 51;
	objects = {

/* Begin PBXBuildFile section */
		403C87013AC2524F4E5B7E20 /* Pods_ProductivityApp.framework in Frameworks */ = {isa = PBXBuildFile; fileRef = 45B7996CC90A9B8ADCDC7A20 /* Pods_ProductivityApp.framework */; };
		AA0A013F249D13F90008D54C /* GoogleService-Info.plist in Resources */ = {isa = PBXBuildFile; fileRef = AA0A013E249D13F90008D54C /* GoogleService-Info.plist */; };
		AA0A0141249D23550008D54C /* AddUserDetailsViewController.swift in Sources */ = {isa = PBXBuildFile; fileRef = AA0A0140249D23550008D54C /* AddUserDetailsViewController.swift */; };
		AA710EB324A00C86009C8FDD /* SettingsModel.swift in Sources */ = {isa = PBXBuildFile; fileRef = AA710EB224A00C86009C8FDD /* SettingsModel.swift */; };
		AA710EB524A010FC009C8FDD /* SettingsTableViewController.swift in Sources */ = {isa = PBXBuildFile; fileRef = AA710EB424A010FC009C8FDD /* SettingsTableViewController.swift */; };
		AA80C0292499727300F4614F /* AppDelegate.swift in Sources */ = {isa = PBXBuildFile; fileRef = AA80C0282499727300F4614F /* AppDelegate.swift */; };
		AA80C02B2499727300F4614F /* SceneDelegate.swift in Sources */ = {isa = PBXBuildFile; fileRef = AA80C02A2499727300F4614F /* SceneDelegate.swift */; };
		AA80C02D2499727300F4614F /* SignedOutViewController.swift in Sources */ = {isa = PBXBuildFile; fileRef = AA80C02C2499727300F4614F /* SignedOutViewController.swift */; };
		AA80C0302499727300F4614F /* Main.storyboard in Resources */ = {isa = PBXBuildFile; fileRef = AA80C02E2499727300F4614F /* Main.storyboard */; };
		AA80C0322499727700F4614F /* Assets.xcassets in Resources */ = {isa = PBXBuildFile; fileRef = AA80C0312499727700F4614F /* Assets.xcassets */; };
		AA80C0352499727700F4614F /* LaunchScreen.storyboard in Resources */ = {isa = PBXBuildFile; fileRef = AA80C0332499727700F4614F /* LaunchScreen.storyboard */; };
		AAB375E3249AA54200055CF2 /* SignUpViewController.swift in Sources */ = {isa = PBXBuildFile; fileRef = AAB375E2249AA54200055CF2 /* SignUpViewController.swift */; };
		AAB375E5249AA54E00055CF2 /* LoginViewController.swift in Sources */ = {isa = PBXBuildFile; fileRef = AAB375E4249AA54E00055CF2 /* LoginViewController.swift */; };
		AAB375E7249AA56200055CF2 /* UserAccountSettingsViewController.swift in Sources */ = {isa = PBXBuildFile; fileRef = AAB375E6249AA56200055CF2 /* UserAccountSettingsViewController.swift */; };
		AAB817DE249D8640004A66FB /* LoginAndSignupNavigationViewController.swift in Sources */ = {isa = PBXBuildFile; fileRef = AAB817DD249D8640004A66FB /* LoginAndSignupNavigationViewController.swift */; };
/* End PBXBuildFile section */

/* Begin PBXFileReference section */
		10418F965B11EF21A4B9731C /* Pods-ProductivityApp.debug.xcconfig */ = {isa = PBXFileReference; includeInIndex = 1; lastKnownFileType = text.xcconfig; name = "Pods-ProductivityApp.debug.xcconfig"; path = "Target Support Files/Pods-ProductivityApp/Pods-ProductivityApp.debug.xcconfig"; sourceTree = "<group>"; };
		45B7996CC90A9B8ADCDC7A20 /* Pods_ProductivityApp.framework */ = {isa = PBXFileReference; explicitFileType = wrapper.framework; includeInIndex = 0; path = Pods_ProductivityApp.framework; sourceTree = BUILT_PRODUCTS_DIR; };
		AA0A013E249D13F90008D54C /* GoogleService-Info.plist */ = {isa = PBXFileReference; fileEncoding = 4; lastKnownFileType = text.plist.xml; path = "GoogleService-Info.plist"; sourceTree = "<group>"; };
		AA0A0140249D23550008D54C /* AddUserDetailsViewController.swift */ = {isa = PBXFileReference; lastKnownFileType = sourcecode.swift; path = AddUserDetailsViewController.swift; sourceTree = "<group>"; };
		AA710EB224A00C86009C8FDD /* SettingsModel.swift */ = {isa = PBXFileReference; lastKnownFileType = sourcecode.swift; path = SettingsModel.swift; sourceTree = "<group>"; };
		AA710EB424A010FC009C8FDD /* SettingsTableViewController.swift */ = {isa = PBXFileReference; lastKnownFileType = sourcecode.swift; path = SettingsTableViewController.swift; sourceTree = "<group>"; };
		AA80C0252499727300F4614F /* ProductivityApp.app */ = {isa = PBXFileReference; explicitFileType = wrapper.application; includeInIndex = 0; path = ProductivityApp.app; sourceTree = BUILT_PRODUCTS_DIR; };
		AA80C0282499727300F4614F /* AppDelegate.swift */ = {isa = PBXFileReference; lastKnownFileType = sourcecode.swift; path = AppDelegate.swift; sourceTree = "<group>"; };
		AA80C02A2499727300F4614F /* SceneDelegate.swift */ = {isa = PBXFileReference; lastKnownFileType = sourcecode.swift; path = SceneDelegate.swift; sourceTree = "<group>"; };
		AA80C02C2499727300F4614F /* SignedOutViewController.swift */ = {isa = PBXFileReference; lastKnownFileType = sourcecode.swift; path = SignedOutViewController.swift; sourceTree = "<group>"; };
		AA80C02F2499727300F4614F /* Base */ = {isa = PBXFileReference; lastKnownFileType = file.storyboard; name = Base; path = Base.lproj/Main.storyboard; sourceTree = "<group>"; };
		AA80C0312499727700F4614F /* Assets.xcassets */ = {isa = PBXFileReference; lastKnownFileType = folder.assetcatalog; path = Assets.xcassets; sourceTree = "<group>"; };
		AA80C0342499727700F4614F /* Base */ = {isa = PBXFileReference; lastKnownFileType = file.storyboard; name = Base; path = Base.lproj/LaunchScreen.storyboard; sourceTree = "<group>"; };
		AA80C0362499727700F4614F /* Info.plist */ = {isa = PBXFileReference; lastKnownFileType = text.plist.xml; path = Info.plist; sourceTree = "<group>"; };
		AAB375E2249AA54200055CF2 /* SignUpViewController.swift */ = {isa = PBXFileReference; lastKnownFileType = sourcecode.swift; path = SignUpViewController.swift; sourceTree = "<group>"; };
		AAB375E4249AA54E00055CF2 /* LoginViewController.swift */ = {isa = PBXFileReference; lastKnownFileType = sourcecode.swift; path = LoginViewController.swift; sourceTree = "<group>"; };
		AAB375E6249AA56200055CF2 /* UserAccountSettingsViewController.swift */ = {isa = PBXFileReference; lastKnownFileType = sourcecode.swift; path = UserAccountSettingsViewController.swift; sourceTree = "<group>"; };
		AAB817DD249D8640004A66FB /* LoginAndSignupNavigationViewController.swift */ = {isa = PBXFileReference; lastKnownFileType = sourcecode.swift; path = LoginAndSignupNavigationViewController.swift; sourceTree = "<group>"; };
		CCFBF299A2B8E501041952AE /* Pods-ProductivityApp.release.xcconfig */ = {isa = PBXFileReference; includeInIndex = 1; lastKnownFileType = text.xcconfig; name = "Pods-ProductivityApp.release.xcconfig"; path = "Target Support Files/Pods-ProductivityApp/Pods-ProductivityApp.release.xcconfig"; sourceTree = "<group>"; };
/* End PBXFileReference section */

/* Begin PBXFrameworksBuildPhase section */
		AA80C0222499727300F4614F /* Frameworks */ = {
			isa = PBXFrameworksBuildPhase;
			buildActionMask = 2147483647;
			files = (
				403C87013AC2524F4E5B7E20 /* Pods_ProductivityApp.framework in Frameworks */,
			);
			runOnlyForDeploymentPostprocessing = 0;
		};
/* End PBXFrameworksBuildPhase section */

/* Begin PBXGroup section */
		3CF8FA119D5BB04ACE7EFE88 /* Frameworks */ = {
			isa = PBXGroup;
			children = (
				45B7996CC90A9B8ADCDC7A20 /* Pods_ProductivityApp.framework */,
			);
			name = Frameworks;
			sourceTree = "<group>";
		};
		5E9D45982D52AEF9F438B9E5 /* Pods */ = {
			isa = PBXGroup;
			children = (
				10418F965B11EF21A4B9731C /* Pods-ProductivityApp.debug.xcconfig */,
				CCFBF299A2B8E501041952AE /* Pods-ProductivityApp.release.xcconfig */,
			);
			path = Pods;
			sourceTree = "<group>";
		};
		AA710EB124A00C4B009C8FDD /* Model */ = {
			isa = PBXGroup;
			children = (
				AA710EB224A00C86009C8FDD /* SettingsModel.swift */,
			);
			path = Model;
			sourceTree = "<group>";
		};
		AA80C01C2499727300F4614F = {
			isa = PBXGroup;
			children = (
				AA80C0272499727300F4614F /* ProductivityApp */,
				AA80C0262499727300F4614F /* Products */,
				5E9D45982D52AEF9F438B9E5 /* Pods */,
				3CF8FA119D5BB04ACE7EFE88 /* Frameworks */,
			);
			sourceTree = "<group>";
		};
		AA80C0262499727300F4614F /* Products */ = {
			isa = PBXGroup;
			children = (
				AA80C0252499727300F4614F /* ProductivityApp.app */,
			);
			name = Products;
			sourceTree = "<group>";
		};
		AA80C0272499727300F4614F /* ProductivityApp */ = {
			isa = PBXGroup;
			children = (
				AA80C0282499727300F4614F /* AppDelegate.swift */,
				AA80C02A2499727300F4614F /* SceneDelegate.swift */,
				AAB375E1249AA4F500055CF2 /* Controller */,
				AA710EB124A00C4B009C8FDD /* Model */,
				AA80C02E2499727300F4614F /* Main.storyboard */,
				AA80C0312499727700F4614F /* Assets.xcassets */,
				AA80C0332499727700F4614F /* LaunchScreen.storyboard */,
				AA80C0362499727700F4614F /* Info.plist */,
				AA0A013E249D13F90008D54C /* GoogleService-Info.plist */,
			);
			path = ProductivityApp;
			sourceTree = "<group>";
		};
		AAB375E1249AA4F500055CF2 /* Controller */ = {
			isa = PBXGroup;
			children = (
				AAB817DD249D8640004A66FB /* LoginAndSignupNavigationViewController.swift */,
				AA80C02C2499727300F4614F /* SignedOutViewController.swift */,
				AAB375E2249AA54200055CF2 /* SignUpViewController.swift */,
				AA0A0140249D23550008D54C /* AddUserDetailsViewController.swift */,
				AAB375E4249AA54E00055CF2 /* LoginViewController.swift */,
				AAB375E6249AA56200055CF2 /* UserAccountSettingsViewController.swift */,
				AA710EB424A010FC009C8FDD /* SettingsTableViewController.swift */,
			);
			path = Controller;
			sourceTree = "<group>";
		};
/* End PBXGroup section */

/* Begin PBXNativeTarget section */
		AA80C0242499727300F4614F /* ProductivityApp */ = {
			isa = PBXNativeTarget;
			buildConfigurationList = AA80C0392499727700F4614F /* Build configuration list for PBXNativeTarget "ProductivityApp" */;
			buildPhases = (
				C6000F50FFEA87B2AF11755B /* [CP] Check Pods Manifest.lock */,
				AA80C0212499727300F4614F /* Sources */,
				AA80C0222499727300F4614F /* Frameworks */,
				AA80C0232499727300F4614F /* Resources */,
				D338B242FA808479FFAEA9FE /* [CP] Embed Pods Frameworks */,
			);
			buildRules = (
			);
			dependencies = (
			);
			name = ProductivityApp;
			productName = LoginTemplate;
			productReference = AA80C0252499727300F4614F /* ProductivityApp.app */;
			productType = "com.apple.product-type.application";
		};
/* End PBXNativeTarget section */

/* Begin PBXProject section */
		AA80C01D2499727300F4614F /* Project object */ = {
			isa = PBXProject;
			attributes = {
				LastSwiftUpdateCheck = 1150;
				LastUpgradeCheck = 1150;
				ORGANIZATIONNAME = 95Design;
				TargetAttributes = {
					AA80C0242499727300F4614F = {
						CreatedOnToolsVersion = 11.5;
					};
				};
			};
			buildConfigurationList = AA80C0202499727300F4614F /* Build configuration list for PBXProject "ProductivityApp" */;
			compatibilityVersion = "Xcode 9.3";
			developmentRegion = en;
			hasScannedForEncodings = 0;
			knownRegions = (
				en,
				Base,
			);
			mainGroup = AA80C01C2499727300F4614F;
			productRefGroup = AA80C0262499727300F4614F /* Products */;
			projectDirPath = "";
			projectRoot = "";
			targets = (
				AA80C0242499727300F4614F /* ProductivityApp */,
			);
		};
/* End PBXProject section */

/* Begin PBXResourcesBuildPhase section */
		AA80C0232499727300F4614F /* Resources */ = {
			isa = PBXResourcesBuildPhase;
			buildActionMask = 2147483647;
			files = (
				AA80C0352499727700F4614F /* LaunchScreen.storyboard in Resources */,
				AA0A013F249D13F90008D54C /* GoogleService-Info.plist in Resources */,
				AA80C0322499727700F4614F /* Assets.xcassets in Resources */,
				AA80C0302499727300F4614F /* Main.storyboard in Resources */,
			);
			runOnlyForDeploymentPostprocessing = 0;
		};
/* End PBXResourcesBuildPhase section */

/* Begin PBXShellScriptBuildPhase section */
		C6000F50FFEA87B2AF11755B /* [CP] Check Pods Manifest.lock */ = {
			isa = PBXShellScriptBuildPhase;
			buildActionMask = 2147483647;
			files = (
			);
			inputFileListPaths = (
			);
			inputPaths = (
				"${PODS_PODFILE_DIR_PATH}/Podfile.lock",
				"${PODS_ROOT}/Manifest.lock",
			);
			name = "[CP] Check Pods Manifest.lock";
			outputFileListPaths = (
			);
			outputPaths = (
				"$(DERIVED_FILE_DIR)/Pods-ProductivityApp-checkManifestLockResult.txt",
			);
			runOnlyForDeploymentPostprocessing = 0;
			shellPath = /bin/sh;
			shellScript = "diff \"${PODS_PODFILE_DIR_PATH}/Podfile.lock\" \"${PODS_ROOT}/Manifest.lock\" > /dev/null\nif [ $? != 0 ] ; then\n    # print error to STDERR\n    echo \"error: The sandbox is not in sync with the Podfile.lock. Run 'pod install' or update your CocoaPods installation.\" >&2\n    exit 1\nfi\n# This output is used by Xcode 'outputs' to avoid re-running this script phase.\necho \"SUCCESS\" > \"${SCRIPT_OUTPUT_FILE_0}\"\n";
			showEnvVarsInLog = 0;
		};
		D338B242FA808479FFAEA9FE /* [CP] Embed Pods Frameworks */ = {
			isa = PBXShellScriptBuildPhase;
			buildActionMask = 2147483647;
			files = (
			);
			inputFileListPaths = (
				"${PODS_ROOT}/Target Support Files/Pods-ProductivityApp/Pods-ProductivityApp-frameworks-${CONFIGURATION}-input-files.xcfilelist",
			);
			name = "[CP] Embed Pods Frameworks";
			outputFileListPaths = (
				"${PODS_ROOT}/Target Support Files/Pods-ProductivityApp/Pods-ProductivityApp-frameworks-${CONFIGURATION}-output-files.xcfilelist",
			);
			runOnlyForDeploymentPostprocessing = 0;
			shellPath = /bin/sh;
			shellScript = "\"${PODS_ROOT}/Target Support Files/Pods-ProductivityApp/Pods-ProductivityApp-frameworks.sh\"\n";
			showEnvVarsInLog = 0;
		};
/* End PBXShellScriptBuildPhase section */

/* Begin PBXSourcesBuildPhase section */
		AA80C0212499727300F4614F /* Sources */ = {
			isa = PBXSourcesBuildPhase;
			buildActionMask = 2147483647;
			files = (
				AA710EB324A00C86009C8FDD /* SettingsModel.swift in Sources */,
				AA80C02D2499727300F4614F /* SignedOutViewController.swift in Sources */,
				AA80C0292499727300F4614F /* AppDelegate.swift in Sources */,
				AAB375E3249AA54200055CF2 /* SignUpViewController.swift in Sources */,
				AAB375E5249AA54E00055CF2 /* LoginViewController.swift in Sources */,
				AA0A0141249D23550008D54C /* AddUserDetailsViewController.swift in Sources */,
				AA710EB524A010FC009C8FDD /* SettingsTableViewController.swift in Sources */,
				AA80C02B2499727300F4614F /* SceneDelegate.swift in Sources */,
				AAB817DE249D8640004A66FB /* LoginAndSignupNavigationViewController.swift in Sources */,
				AAB375E7249AA56200055CF2 /* UserAccountSettingsViewController.swift in Sources */,
			);
			runOnlyForDeploymentPostprocessing = 0;
		};
/* End PBXSourcesBuildPhase section */

/* Begin PBXVariantGroup section */
		AA80C02E2499727300F4614F /* Main.storyboard */ = {
			isa = PBXVariantGroup;
			children = (
				AA80C02F2499727300F4614F /* Base */,
			);
			name = Main.storyboard;
			sourceTree = "<group>";
		};
		AA80C0332499727700F4614F /* LaunchScreen.storyboard */ = {
			isa = PBXVariantGroup;
			children = (
				AA80C0342499727700F4614F /* Base */,
			);
			name = LaunchScreen.storyboard;
			sourceTree = "<group>";
		};
/* End PBXVariantGroup section */

/* Begin XCBuildConfiguration section */
		AA80C0372499727700F4614F /* Debug */ = {
			isa = XCBuildConfiguration;
			buildSettings = {
				ALWAYS_SEARCH_USER_PATHS = NO;
				CLANG_ANALYZER_NONNULL = YES;
				CLANG_ANALYZER_NUMBER_OBJECT_CONVERSION = YES_AGGRESSIVE;
				CLANG_CXX_LANGUAGE_STANDARD = "gnu++14";
				CLANG_CXX_LIBRARY = "libc++";
				CLANG_ENABLE_MODULES = YES;
				CLANG_ENABLE_OBJC_ARC = YES;
				CLANG_ENABLE_OBJC_WEAK = YES;
				CLANG_WARN_BLOCK_CAPTURE_AUTORELEASING = YES;
				CLANG_WARN_BOOL_CONVERSION = YES;
				CLANG_WARN_COMMA = YES;
				CLANG_WARN_CONSTANT_CONVERSION = YES;
				CLANG_WARN_DEPRECATED_OBJC_IMPLEMENTATIONS = YES;
				CLANG_WARN_DIRECT_OBJC_ISA_USAGE = YES_ERROR;
				CLANG_WARN_DOCUMENTATION_COMMENTS = YES;
				CLANG_WARN_EMPTY_BODY = YES;
				CLANG_WARN_ENUM_CONVERSION = YES;
				CLANG_WARN_INFINITE_RECURSION = YES;
				CLANG_WARN_INT_CONVERSION = YES;
				CLANG_WARN_NON_LITERAL_NULL_CONVERSION = YES;
				CLANG_WARN_OBJC_IMPLICIT_RETAIN_SELF = YES;
				CLANG_WARN_OBJC_LITERAL_CONVERSION = YES;
				CLANG_WARN_OBJC_ROOT_CLASS = YES_ERROR;
				CLANG_WARN_RANGE_LOOP_ANALYSIS = YES;
				CLANG_WARN_STRICT_PROTOTYPES = YES;
				CLANG_WARN_SUSPICIOUS_MOVE = YES;
				CLANG_WARN_UNGUARDED_AVAILABILITY = YES_AGGRESSIVE;
				CLANG_WARN_UNREACHABLE_CODE = YES;
				CLANG_WARN__DUPLICATE_METHOD_MATCH = YES;
				COPY_PHASE_STRIP = NO;
				DEBUG_INFORMATION_FORMAT = dwarf;
				ENABLE_STRICT_OBJC_MSGSEND = YES;
				ENABLE_TESTABILITY = YES;
				GCC_C_LANGUAGE_STANDARD = gnu11;
				GCC_DYNAMIC_NO_PIC = NO;
				GCC_NO_COMMON_BLOCKS = YES;
				GCC_OPTIMIZATION_LEVEL = 0;
				GCC_PREPROCESSOR_DEFINITIONS = (
					"DEBUG=1",
					"$(inherited)",
				);
				GCC_WARN_64_TO_32_BIT_CONVERSION = YES;
				GCC_WARN_ABOUT_RETURN_TYPE = YES_ERROR;
				GCC_WARN_UNDECLARED_SELECTOR = YES;
				GCC_WARN_UNINITIALIZED_AUTOS = YES_AGGRESSIVE;
				GCC_WARN_UNUSED_FUNCTION = YES;
				GCC_WARN_UNUSED_VARIABLE = YES;
				IPHONEOS_DEPLOYMENT_TARGET = 13.0;
				MTL_ENABLE_DEBUG_INFO = INCLUDE_SOURCE;
				MTL_FAST_MATH = YES;
				ONLY_ACTIVE_ARCH = YES;
				SDKROOT = iphoneos;
				SWIFT_ACTIVE_COMPILATION_CONDITIONS = DEBUG;
				SWIFT_OPTIMIZATION_LEVEL = "-Onone";
			};
			name = Debug;
		};
		AA80C0382499727700F4614F /* Release */ = {
			isa = XCBuildConfiguration;
			buildSettings = {
				ALWAYS_SEARCH_USER_PATHS = NO;
				CLANG_ANALYZER_NONNULL = YES;
				CLANG_ANALYZER_NUMBER_OBJECT_CONVERSION = YES_AGGRESSIVE;
				CLANG_CXX_LANGUAGE_STANDARD = "gnu++14";
				CLANG_CXX_LIBRARY = "libc++";
				CLANG_ENABLE_MODULES = YES;
				CLANG_ENABLE_OBJC_ARC = YES;
				CLANG_ENABLE_OBJC_WEAK = YES;
				CLANG_WARN_BLOCK_CAPTURE_AUTORELEASING = YES;
				CLANG_WARN_BOOL_CONVERSION = YES;
				CLANG_WARN_COMMA = YES;
				CLANG_WARN_CONSTANT_CONVERSION = YES;
				CLANG_WARN_DEPRECATED_OBJC_IMPLEMENTATIONS = YES;
				CLANG_WARN_DIRECT_OBJC_ISA_USAGE = YES_ERROR;
				CLANG_WARN_DOCUMENTATION_COMMENTS = YES;
				CLANG_WARN_EMPTY_BODY = YES;
				CLANG_WARN_ENUM_CONVERSION = YES;
				CLANG_WARN_INFINITE_RECURSION = YES;
				CLANG_WARN_INT_CONVERSION = YES;
				CLANG_WARN_NON_LITERAL_NULL_CONVERSION = YES;
				CLANG_WARN_OBJC_IMPLICIT_RETAIN_SELF = YES;
				CLANG_WARN_OBJC_LITERAL_CONVERSION = YES;
				CLANG_WARN_OBJC_ROOT_CLASS = YES_ERROR;
				CLANG_WARN_RANGE_LOOP_ANALYSIS = YES;
				CLANG_WARN_STRICT_PROTOTYPES = YES;
				CLANG_WARN_SUSPICIOUS_MOVE = YES;
				CLANG_WARN_UNGUARDED_AVAILABILITY = YES_AGGRESSIVE;
				CLANG_WARN_UNREACHABLE_CODE = YES;
				CLANG_WARN__DUPLICATE_METHOD_MATCH = YES;
				COPY_PHASE_STRIP = NO;
				DEBUG_INFORMATION_FORMAT = "dwarf-with-dsym";
				ENABLE_NS_ASSERTIONS = NO;
				ENABLE_STRICT_OBJC_MSGSEND = YES;
				GCC_C_LANGUAGE_STANDARD = gnu11;
				GCC_NO_COMMON_BLOCKS = YES;
				GCC_WARN_64_TO_32_BIT_CONVERSION = YES;
				GCC_WARN_ABOUT_RETURN_TYPE = YES_ERROR;
				GCC_WARN_UNDECLARED_SELECTOR = YES;
				GCC_WARN_UNINITIALIZED_AUTOS = YES_AGGRESSIVE;
				GCC_WARN_UNUSED_FUNCTION = YES;
				GCC_WARN_UNUSED_VARIABLE = YES;
				IPHONEOS_DEPLOYMENT_TARGET = 13.0;
				MTL_ENABLE_DEBUG_INFO = NO;
				MTL_FAST_MATH = YES;
				SDKROOT = iphoneos;
				SWIFT_COMPILATION_MODE = wholemodule;
				SWIFT_OPTIMIZATION_LEVEL = "-O";
				VALIDATE_PRODUCT = YES;
			};
			name = Release;
		};
		AA80C03A2499727700F4614F /* Debug */ = {
			isa = XCBuildConfiguration;
			baseConfigurationReference = 10418F965B11EF21A4B9731C /* Pods-ProductivityApp.debug.xcconfig */;
			buildSettings = {
				ASSETCATALOG_COMPILER_APPICON_NAME = AppIcon;
				CODE_SIGN_STYLE = Automatic;
				DEVELOPMENT_TEAM = R8D3TFCC85;
				INFOPLIST_FILE = ProductivityApp/Info.plist;
				LD_RUNPATH_SEARCH_PATHS = (
					"$(inherited)",
					"@executable_path/Frameworks",
				);
				PRODUCT_BUNDLE_IDENTIFIER = co.uk.95design.ProductivityApp;
				PRODUCT_NAME = "$(TARGET_NAME)";
				SWIFT_VERSION = 5.0;
				TARGETED_DEVICE_FAMILY = "1,2";
			};
			name = Debug;
		};
		AA80C03B2499727700F4614F /* Release */ = {
			isa = XCBuildConfiguration;
			baseConfigurationReference = CCFBF299A2B8E501041952AE /* Pods-ProductivityApp.release.xcconfig */;
			buildSettings = {
				ASSETCATALOG_COMPILER_APPICON_NAME = AppIcon;
				CODE_SIGN_STYLE = Automatic;
				DEVELOPMENT_TEAM = R8D3TFCC85;
				INFOPLIST_FILE = ProductivityApp/Info.plist;
				LD_RUNPATH_SEARCH_PATHS = (
					"$(inherited)",
					"@executable_path/Frameworks",
				);
				PRODUCT_BUNDLE_IDENTIFIER = co.uk.95design.ProductivityApp;
				PRODUCT_NAME = "$(TARGET_NAME)";
				SWIFT_VERSION = 5.0;
				TARGETED_DEVICE_FAMILY = "1,2";
			};
			name = Release;
		};
/* End XCBuildConfiguration section */

/* Begin XCConfigurationList section */
		AA80C0202499727300F4614F /* Build configuration list for PBXProject "ProductivityApp" */ = {
			isa = XCConfigurationList;
			buildConfigurations = (
				AA80C0372499727700F4614F /* Debug */,
				AA80C0382499727700F4614F /* Release */,
			);
			defaultConfigurationIsVisible = 0;
			defaultConfigurationName = Release;
		};
		AA80C0392499727700F4614F /* Build configuration list for PBXNativeTarget "ProductivityApp" */ = {
			isa = XCConfigurationList;
			buildConfigurations = (
				AA80C03A2499727700F4614F /* Debug */,
				AA80C03B2499727700F4614F /* Release */,
			);
			defaultConfigurationIsVisible = 0;
			defaultConfigurationName = Release;
		};
/* End XCConfigurationList section */
	};
	rootObject = AA80C01D2499727300F4614F /* Project object */;
}
